
Microsoft Visual Studio Solution File, Format Version 12.00
# Visual Studio 15
VisualStudioVersion = 15.0.27130.2010
MinimumVisualStudioVersion = 10.0.40219.1
Project("{FAE04EC0-301F-11D3-BF4B-00C04F79EFBC}") = "WebAPPFarmerCompanion", "WebAPPFarmerCompanion\WebAPPFarmerCompanion.csproj", "{AF5A2970-8193-442B-9482-FCD7F3A0D902}"
EndProject
Project("{FAE04EC0-301F-11D3-BF4B-00C04F79EFBC}") = "FarmerCompanionDBContext", "FarmerCompanionDBContext\FarmerCompanionDBContext.csproj", "{738C6762-D6BC-4421-81EC-F50A890A1107}"
EndProject
Project("{FAE04EC0-301F-11D3-BF4B-00C04F79EFBC}") = "DBGeneration", "DBGeneration\DBGeneration.csproj", "{3599BC1F-39FA-4E4A-99C2-5619121A7B0E}"
EndProject
Global
	GlobalSection(SolutionConfigurationPlatforms) = preSolution
		Debug|Any CPU = Debug|Any CPU
		Release|Any CPU = Release|Any CPU
	EndGlobalSection
	GlobalSection(ProjectConfigurationPlatforms) = postSolution
		{AF5A2970-8193-442B-9482-FCD7F3A0D902}.Debug|Any CPU.ActiveCfg = Debug|Any CPU
		{AF5A2970-8193-442B-9482-FCD7F3A0D902}.Debug|Any CPU.Build.0 = Debug|Any CPU
		{AF5A2970-8193-442B-9482-FCD7F3A0D902}.Release|Any CPU.ActiveCfg = Release|Any CPU
		{AF5A2970-8193-442B-9482-FCD7F3A0D902}.Release|Any CPU.Build.0 = Release|Any CPU
		{738C6762-D6BC-4421-81EC-F50A890A1107}.Debug|Any CPU.ActiveCfg = Debug|Any CPU
		{738C6762-D6BC-4421-81EC-F50A890A1107}.Debug|Any CPU.Build.0 = Debug|Any CPU
		{738C6762-D6BC-4421-81EC-F50A890A1107}.Release|Any CPU.ActiveCfg = Release|Any CPU
		{738C6762-D6BC-4421-81EC-F50A890A1107}.Release|Any CPU.Build.0 = Release|Any CPU
		{3599BC1F-39FA-4E4A-99C2-5619121A7B0E}.Debug|Any CPU.ActiveCfg = Debug|Any CPU
		{3599BC1F-39FA-4E4A-99C2-5619121A7B0E}.Debug|Any CPU.Build.0 = Debug|Any CPU
		{3599BC1F-39FA-4E4A-99C2-5619121A7B0E}.Release|Any CPU.ActiveCfg = Release|Any CPU
		{3599BC1F-39FA-4E4A-99C2-5619121A7B0E}.Release|Any CPU.Build.0 = Release|Any CPU
	EndGlobalSection
	GlobalSection(SolutionProperties) = preSolution
		HideSolutionNode = FALSE
	EndGlobalSection
	GlobalSection(ExtensibilityGlobals) = postSolution
		SolutionGuid = {AA1A644D-0447-4592-973A-F58A610F1F1C}
	EndGlobalSection
EndGlobal
